// !$*UTF8*$!
{
	archiveVersion = 1;
	classes = {
	};
	objectVersion = 51;
	objects = {

/* Begin PBXBuildFile section */
		8C5DC71DFE789222029D2C32 /* Pods_todoApp.framework in Frameworks */ = {isa = PBXBuildFile; fileRef = BAEB336CDB496B27AF8A9000 /* Pods_todoApp.framework */; };
		E64C4A422465408B00454C97 /* AppDelegate.swift in Sources */ = {isa = PBXBuildFile; fileRef = E64C4A412465408B00454C97 /* AppDelegate.swift */; };
		E64C4A442465408B00454C97 /* SceneDelegate.swift in Sources */ = {isa = PBXBuildFile; fileRef = E64C4A432465408B00454C97 /* SceneDelegate.swift */; };
		E64C4A492465408B00454C97 /* Main.storyboard in Resources */ = {isa = PBXBuildFile; fileRef = E64C4A472465408B00454C97 /* Main.storyboard */; };
		E64C4A4B2465408C00454C97 /* Assets.xcassets in Resources */ = {isa = PBXBuildFile; fileRef = E64C4A4A2465408C00454C97 /* Assets.xcassets */; };
		E64C4A4E2465408C00454C97 /* LaunchScreen.storyboard in Resources */ = {isa = PBXBuildFile; fileRef = E64C4A4C2465408C00454C97 /* LaunchScreen.storyboard */; };
		E64C4A562465410800454C97 /* GoogleService-Info.plist in Resources */ = {isa = PBXBuildFile; fileRef = E64C4A552465410800454C97 /* GoogleService-Info.plist */; };
		E64C4A58246543D900454C97 /* loginViewController.swift in Sources */ = {isa = PBXBuildFile; fileRef = E64C4A57246543D900454C97 /* loginViewController.swift */; };
		E64C4A5A246543F100454C97 /* creatTodoViewController.swift in Sources */ = {isa = PBXBuildFile; fileRef = E64C4A59246543F100454C97 /* creatTodoViewController.swift */; };
		E64C4A5C2465440400454C97 /* editTodoViewController.swift in Sources */ = {isa = PBXBuildFile; fileRef = E64C4A5B2465440400454C97 /* editTodoViewController.swift */; };
		E64C4A5E2465466800454C97 /* signInViewController.swift in Sources */ = {isa = PBXBuildFile; fileRef = E64C4A5D2465466800454C97 /* signInViewController.swift */; };
		E64C4A602465484500454C97 /* todoViewController.swift in Sources */ = {isa = PBXBuildFile; fileRef = E64C4A5F2465484500454C97 /* todoViewController.swift */; };
		E64DE387246EAB5800A88A7F /* Task.swift in Sources */ = {isa = PBXBuildFile; fileRef = E64DE386246EAB5800A88A7F /* Task.swift */; };
/* End PBXBuildFile section */

/* Begin PBXFileReference section */
		0BAF4226B727079701D9EF5F /* Pods-todoApp.release.xcconfig */ = {isa = PBXFileReference; includeInIndex = 1; lastKnownFileType = text.xcconfig; name = "Pods-todoApp.release.xcconfig"; path = "Target Support Files/Pods-todoApp/Pods-todoApp.release.xcconfig"; sourceTree = "<group>"; };
		BAEB336CDB496B27AF8A9000 /* Pods_todoApp.framework */ = {isa = PBXFileReference; explicitFileType = wrapper.framework; includeInIndex = 0; path = Pods_todoApp.framework; sourceTree = BUILT_PRODUCTS_DIR; };
		D423AD499BF80F12066387FF /* Pods-todoApp.debug.xcconfig */ = {isa = PBXFileReference; includeInIndex = 1; lastKnownFileType = text.xcconfig; name = "Pods-todoApp.debug.xcconfig"; path = "Target Support Files/Pods-todoApp/Pods-todoApp.debug.xcconfig"; sourceTree = "<group>"; };
		E64C4A3E2465408B00454C97 /* todoApp.app */ = {isa = PBXFileReference; explicitFileType = wrapper.application; includeInIndex = 0; path = todoApp.app; sourceTree = BUILT_PRODUCTS_DIR; };
		E64C4A412465408B00454C97 /* AppDelegate.swift */ = {isa = PBXFileReference; lastKnownFileType = sourcecode.swift; path = AppDelegate.swift; sourceTree = "<group>"; };
		E64C4A432465408B00454C97 /* SceneDelegate.swift */ = {isa = PBXFileReference; lastKnownFileType = sourcecode.swift; path = SceneDelegate.swift; sourceTree = "<group>"; };
		E64C4A482465408B00454C97 /* Base */ = {isa = PBXFileReference; lastKnownFileType = file.storyboard; name = Base; path = Base.lproj/Main.storyboard; sourceTree = "<group>"; };
		E64C4A4A2465408C00454C97 /* Assets.xcassets */ = {isa = PBXFileReference; lastKnownFileType = folder.assetcatalog; path = Assets.xcassets; sourceTree = "<group>"; };
		E64C4A4D2465408C00454C97 /* Base */ = {isa = PBXFileReference; lastKnownFileType = file.storyboard; name = Base; path = Base.lproj/LaunchScreen.storyboard; sourceTree = "<group>"; };
		E64C4A4F2465408C00454C97 /* Info.plist */ = {isa = PBXFileReference; lastKnownFileType = text.plist.xml; path = Info.plist; sourceTree = "<group>"; };
		E64C4A552465410800454C97 /* GoogleService-Info.plist */ = {isa = PBXFileReference; fileEncoding = 4; lastKnownFileType = text.plist.xml; path = "GoogleService-Info.plist"; sourceTree = "<group>"; };
		E64C4A57246543D900454C97 /* loginViewController.swift */ = {isa = PBXFileReference; lastKnownFileType = sourcecode.swift; path = loginViewController.swift; sourceTree = "<group>"; };
		E64C4A59246543F100454C97 /* creatTodoViewController.swift */ = {isa = PBXFileReference; lastKnownFileType = sourcecode.swift; path = creatTodoViewController.swift; sourceTree = "<group>"; };
		E64C4A5B2465440400454C97 /* editTodoViewController.swift */ = {isa = PBXFileReference; lastKnownFileType = sourcecode.swift; path = editTodoViewController.swift; sourceTree = "<group>"; };
		E64C4A5D2465466800454C97 /* signInViewController.swift */ = {isa = PBXFileReference; lastKnownFileType = sourcecode.swift; path = signInViewController.swift; sourceTree = "<group>"; };
		E64C4A5F2465484500454C97 /* todoViewController.swift */ = {isa = PBXFileReference; lastKnownFileType = sourcecode.swift; path = todoViewController.swift; sourceTree = "<group>"; };
		E64DE386246EAB5800A88A7F /* Task.swift */ = {isa = PBXFileReference; lastKnownFileType = sourcecode.swift; path = Task.swift; sourceTree = "<group>"; };
/* End PBXFileReference section */

/* Begin PBXFrameworksBuildPhase section */
		E64C4A3B2465408B00454C97 /* Frameworks */ = {
			isa = PBXFrameworksBuildPhase;
			buildActionMask = 2147483647;
			files = (
				8C5DC71DFE789222029D2C32 /* Pods_todoApp.framework in Frameworks */,
			);
			runOnlyForDeploymentPostprocessing = 0;
		};
/* End PBXFrameworksBuildPhase section */

/* Begin PBXGroup section */
		C31F67C728452DF50032F66F /* Frameworks */ = {
			isa = PBXGroup;
			children = (
				BAEB336CDB496B27AF8A9000 /* Pods_todoApp.framework */,
			);
			name = Frameworks;
			sourceTree = "<group>";
		};
		E0AFD68A0BB858C9118AFD7B /* Pods */ = {
			isa = PBXGroup;
			children = (
				D423AD499BF80F12066387FF /* Pods-todoApp.debug.xcconfig */,
				0BAF4226B727079701D9EF5F /* Pods-todoApp.release.xcconfig */,
			);
			path = Pods;
			sourceTree = "<group>";
		};
		E64C4A352465408B00454C97 = {
			isa = PBXGroup;
			children = (
				E64C4A402465408B00454C97 /* todoApp */,
				E64C4A3F2465408B00454C97 /* Products */,
				E0AFD68A0BB858C9118AFD7B /* Pods */,
				C31F67C728452DF50032F66F /* Frameworks */,
			);
			sourceTree = "<group>";
		};
		E64C4A3F2465408B00454C97 /* Products */ = {
			isa = PBXGroup;
			children = (
				E64C4A3E2465408B00454C97 /* todoApp.app */,
			);
			name = Products;
			sourceTree = "<group>";
		};
		E64C4A402465408B00454C97 /* todoApp */ = {
			isa = PBXGroup;
			children = (
				E64C4A412465408B00454C97 /* AppDelegate.swift */,
				E64C4A432465408B00454C97 /* SceneDelegate.swift */,
				E64C4A57246543D900454C97 /* loginViewController.swift */,
				E64C4A59246543F100454C97 /* creatTodoViewController.swift */,
				E64C4A5B2465440400454C97 /* editTodoViewController.swift */,
				E64DE386246EAB5800A88A7F /* Task.swift */,
				E64C4A472465408B00454C97 /* Main.storyboard */,
				E64C4A5F2465484500454C97 /* todoViewController.swift */,
				E64C4A5D2465466800454C97 /* signInViewController.swift */,
				E64C4A4A2465408C00454C97 /* Assets.xcassets */,
				E64C4A4C2465408C00454C97 /* LaunchScreen.storyboard */,
				E64C4A4F2465408C00454C97 /* Info.plist */,
				E64C4A552465410800454C97 /* GoogleService-Info.plist */,
			);
			path = todoApp;
			sourceTree = "<group>";
		};
/* End PBXGroup section */

/* Begin PBXNativeTarget section */
		E64C4A3D2465408B00454C97 /* todoApp */ = {
			isa = PBXNativeTarget;
			buildConfigurationList = E64C4A522465408C00454C97 /* Build configuration list for PBXNativeTarget "todoApp" */;
			buildPhases = (
				57DC298A1A5FFF1D95CA7946 /* [CP] Check Pods Manifest.lock */,
				E64C4A3A2465408B00454C97 /* Sources */,
				E64C4A3B2465408B00454C97 /* Frameworks */,
				E64C4A3C2465408B00454C97 /* Resources */,
				235152E5C7CA04CB25FD7B74 /* [CP] Embed Pods Frameworks */,
			);
			buildRules = (
			);
			dependencies = (
			);
			name = todoApp;
			productName = todoApp;
			productReference = E64C4A3E2465408B00454C97 /* todoApp.app */;
			productType = "com.apple.product-type.application";
		};
/* End PBXNativeTarget section */

/* Begin PBXProject section */
		E64C4A362465408B00454C97 /* Project object */ = {
			isa = PBXProject;
			attributes = {
				LastSwiftUpdateCheck = 1140;
				LastUpgradeCheck = 1140;
				ORGANIZATIONNAME = is;
				TargetAttributes = {
					E64C4A3D2465408B00454C97 = {
						CreatedOnToolsVersion = 11.4.1;
					};
				};
			};
			buildConfigurationList = E64C4A392465408B00454C97 /* Build configuration list for PBXProject "todoApp" */;
			compatibilityVersion = "Xcode 9.3";
			developmentRegion = en;
			hasScannedForEncodings = 0;
			knownRegions = (
				en,
				Base,
			);
			mainGroup = E64C4A352465408B00454C97;
			productRefGroup = E64C4A3F2465408B00454C97 /* Products */;
			projectDirPath = "";
			projectRoot = "";
			targets = (
				E64C4A3D2465408B00454C97 /* todoApp */,
			);
		};
/* End PBXProject section */

/* Begin PBXResourcesBuildPhase section */
		E64C4A3C2465408B00454C97 /* Resources */ = {
			isa = PBXResourcesBuildPhase;
			buildActionMask = 2147483647;
			files = (
				E64C4A4E2465408C00454C97 /* LaunchScreen.storyboard in Resources */,
				E64C4A562465410800454C97 /* GoogleService-Info.plist in Resources */,
				E64C4A4B2465408C00454C97 /* Assets.xcassets in Resources */,
				E64C4A492465408B00454C97 /* Main.storyboard in Resources */,
			);
			runOnlyForDeploymentPostprocessing = 0;
		};
/* End PBXResourcesBuildPhase section */

/* Begin PBXShellScriptBuildPhase section */
		235152E5C7CA04CB25FD7B74 /* [CP] Embed Pods Frameworks */ = {
			isa = PBXShellScriptBuildPhase;
			buildActionMask = 2147483647;
			files = (
			);
			inputFileListPaths = (
				"${PODS_ROOT}/Target Support Files/Pods-todoApp/Pods-todoApp-frameworks-${CONFIGURATION}-input-files.xcfilelist",
			);
			name = "[CP] Embed Pods Frameworks";
			outputFileListPaths = (
				"${PODS_ROOT}/Target Support Files/Pods-todoApp/Pods-todoApp-frameworks-${CONFIGURATION}-output-files.xcfilelist",
			);
			runOnlyForDeploymentPostprocessing = 0;
			shellPath = /bin/sh;
			shellScript = "\"${PODS_ROOT}/Target Support Files/Pods-todoApp/Pods-todoApp-frameworks.sh\"\n";
			showEnvVarsInLog = 0;
		};
		57DC298A1A5FFF1D95CA7946 /* [CP] Check Pods Manifest.lock */ = {
			isa = PBXShellScriptBuildPhase;
			buildActionMask = 2147483647;
			files = (
			);
			inputFileListPaths = (
			);
			inputPaths = (
				"${PODS_PODFILE_DIR_PATH}/Podfile.lock",
				"${PODS_ROOT}/Manifest.lock",
			);
			name = "[CP] Check Pods Manifest.lock";
			outputFileListPaths = (
			);
			outputPaths = (
				"$(DERIVED_FILE_DIR)/Pods-todoApp-checkManifestLockResult.txt",
			);
			runOnlyForDeploymentPostprocessing = 0;
			shellPath = /bin/sh;
			shellScript = "diff \"${PODS_PODFILE_DIR_PATH}/Podfile.lock\" \"${PODS_ROOT}/Manifest.lock\" > /dev/null\nif [ $? != 0 ] ; then\n    # print error to STDERR\n    echo \"error: The sandbox is not in sync with the Podfile.lock. Run 'pod install' or update your CocoaPods installation.\" >&2\n    exit 1\nfi\n# This output is used by Xcode 'outputs' to avoid re-running this script phase.\necho \"SUCCESS\" > \"${SCRIPT_OUTPUT_FILE_0}\"\n";
			showEnvVarsInLog = 0;
		};
/* End PBXShellScriptBuildPhase section */

/* Begin PBXSourcesBuildPhase section */
		E64C4A3A2465408B00454C97 /* Sources */ = {
			isa = PBXSourcesBuildPhase;
			buildActionMask = 2147483647;
			files = (
				E64DE387246EAB5800A88A7F /* Task.swift in Sources */,
				E64C4A5C2465440400454C97 /* editTodoViewController.swift in Sources */,
				E64C4A5A246543F100454C97 /* creatTodoViewController.swift in Sources */,
				E64C4A422465408B00454C97 /* AppDelegate.swift in Sources */,
				E64C4A442465408B00454C97 /* SceneDelegate.swift in Sources */,
				E64C4A602465484500454C97 /* todoViewController.swift in Sources */,
				E64C4A5E2465466800454C97 /* signInViewController.swift in Sources */,
				E64C4A58246543D900454C97 /* loginViewController.swift in Sources */,
			);
			runOnlyForDeploymentPostprocessing = 0;
		};
/* End PBXSourcesBuildPhase section */

/* Begin PBXVariantGroup section */
		E64C4A472465408B00454C97 /* Main.storyboard */ = {
			isa = PBXVariantGroup;
			children = (
				E64C4A482465408B00454C97 /* Base */,
			);
			name = Main.storyboard;
			sourceTree = "<group>";
		};
		E64C4A4C2465408C00454C97 /* LaunchScreen.storyboard */ = {
			isa = PBXVariantGroup;
			children = (
				E64C4A4D2465408C00454C97 /* Base */,
			);
			name = LaunchScreen.storyboard;
			sourceTree = "<group>";
		};
/* End PBXVariantGroup section */

/* Begin XCBuildConfiguration section */
		E64C4A502465408C00454C97 /* Debug */ = {
			isa = XCBuildConfiguration;
			buildSettings = {
				ALWAYS_SEARCH_USER_PATHS = NO;
				CLANG_ANALYZER_NONNULL = YES;
				CLANG_ANALYZER_NUMBER_OBJECT_CONVERSION = YES_AGGRESSIVE;
				CLANG_CXX_LANGUAGE_STANDARD = "gnu++14";
				CLANG_CXX_LIBRARY = "libc++";
				CLANG_ENABLE_MODULES = YES;
				CLANG_ENABLE_OBJC_ARC = YES;
				CLANG_ENABLE_OBJC_WEAK = YES;
				CLANG_WARN_BLOCK_CAPTURE_AUTORELEASING = YES;
				CLANG_WARN_BOOL_CONVERSION = YES;
				CLANG_WARN_COMMA = YES;
				CLANG_WARN_CONSTANT_CONVERSION = YES;
				CLANG_WARN_DEPRECATED_OBJC_IMPLEMENTATIONS = YES;
				CLANG_WARN_DIRECT_OBJC_ISA_USAGE = YES_ERROR;
				CLANG_WARN_DOCUMENTATION_COMMENTS = YES;
				CLANG_WARN_EMPTY_BODY = YES;
				CLANG_WARN_ENUM_CONVERSION = YES;
				CLANG_WARN_INFINITE_RECURSION = YES;
				CLANG_WARN_INT_CONVERSION = YES;
				CLANG_WARN_NON_LITERAL_NULL_CONVERSION = YES;
				CLANG_WARN_OBJC_IMPLICIT_RETAIN_SELF = YES;
				CLANG_WARN_OBJC_LITERAL_CONVERSION = YES;
				CLANG_WARN_OBJC_ROOT_CLASS = YES_ERROR;
				CLANG_WARN_RANGE_LOOP_ANALYSIS = YES;
				CLANG_WARN_STRICT_PROTOTYPES = YES;
				CLANG_WARN_SUSPICIOUS_MOVE = YES;
				CLANG_WARN_UNGUARDED_AVAILABILITY = YES_AGGRESSIVE;
				CLANG_WARN_UNREACHABLE_CODE = YES;
				CLANG_WARN__DUPLICATE_METHOD_MATCH = YES;
				COPY_PHASE_STRIP = NO;
				DEBUG_INFORMATION_FORMAT = dwarf;
				ENABLE_STRICT_OBJC_MSGSEND = YES;
				ENABLE_TESTABILITY = YES;
				GCC_C_LANGUAGE_STANDARD = gnu11;
				GCC_DYNAMIC_NO_PIC = NO;
				GCC_NO_COMMON_BLOCKS = YES;
				GCC_OPTIMIZATION_LEVEL = 0;
				GCC_PREPROCESSOR_DEFINITIONS = (
					"DEBUG=1",
					"$(inherited)",
				);
				GCC_WARN_64_TO_32_BIT_CONVERSION = YES;
				GCC_WARN_ABOUT_RETURN_TYPE = YES_ERROR;
				GCC_WARN_UNDECLARED_SELECTOR = YES;
				GCC_WARN_UNINITIALIZED_AUTOS = YES_AGGRESSIVE;
				GCC_WARN_UNUSED_FUNCTION = YES;
				GCC_WARN_UNUSED_VARIABLE = YES;
				IPHONEOS_DEPLOYMENT_TARGET = 13.4;
				MTL_ENABLE_DEBUG_INFO = INCLUDE_SOURCE;
				MTL_FAST_MATH = YES;
				ONLY_ACTIVE_ARCH = YES;
				SDKROOT = iphoneos;
				SWIFT_ACTIVE_COMPILATION_CONDITIONS = DEBUG;
				SWIFT_OPTIMIZATION_LEVEL = "-Onone";
			};
			name = Debug;
		};
		E64C4A512465408C00454C97 /* Release */ = {
			isa = XCBuildConfiguration;
			buildSettings = {
				ALWAYS_SEARCH_USER_PATHS = NO;
				CLANG_ANALYZER_NONNULL = YES;
				CLANG_ANALYZER_NUMBER_OBJECT_CONVERSION = YES_AGGRESSIVE;
				CLANG_CXX_LANGUAGE_STANDARD = "gnu++14";
				CLANG_CXX_LIBRARY = "libc++";
				CLANG_ENABLE_MODULES = YES;
				CLANG_ENABLE_OBJC_ARC = YES;
				CLANG_ENABLE_OBJC_WEAK = YES;
				CLANG_WARN_BLOCK_CAPTURE_AUTORELEASING = YES;
				CLANG_WARN_BOOL_CONVERSION = YES;
				CLANG_WARN_COMMA = YES;
				CLANG_WARN_CONSTANT_CONVERSION = YES;
				CLANG_WARN_DEPRECATED_OBJC_IMPLEMENTATIONS = YES;
				CLANG_WARN_DIRECT_OBJC_ISA_USAGE = YES_ERROR;
				CLANG_WARN_DOCUMENTATION_COMMENTS = YES;
				CLANG_WARN_EMPTY_BODY = YES;
				CLANG_WARN_ENUM_CONVERSION = YES;
				CLANG_WARN_INFINITE_RECURSION = YES;
				CLANG_WARN_INT_CONVERSION = YES;
				CLANG_WARN_NON_LITERAL_NULL_CONVERSION = YES;
				CLANG_WARN_OBJC_IMPLICIT_RETAIN_SELF = YES;
				CLANG_WARN_OBJC_LITERAL_CONVERSION = YES;
				CLANG_WARN_OBJC_ROOT_CLASS = YES_ERROR;
				CLANG_WARN_RANGE_LOOP_ANALYSIS = YES;
				CLANG_WARN_STRICT_PROTOTYPES = YES;
				CLANG_WARN_SUSPICIOUS_MOVE = YES;
				CLANG_WARN_UNGUARDED_AVAILABILITY = YES_AGGRESSIVE;
				CLANG_WARN_UNREACHABLE_CODE = YES;
				CLANG_WARN__DUPLICATE_METHOD_MATCH = YES;
				COPY_PHASE_STRIP = NO;
				DEBUG_INFORMATION_FORMAT = "dwarf-with-dsym";
				ENABLE_NS_ASSERTIONS = NO;
				ENABLE_STRICT_OBJC_MSGSEND = YES;
				GCC_C_LANGUAGE_STANDARD = gnu11;
				GCC_NO_COMMON_BLOCKS = YES;
				GCC_WARN_64_TO_32_BIT_CONVERSION = YES;
				GCC_WARN_ABOUT_RETURN_TYPE = YES_ERROR;
				GCC_WARN_UNDECLARED_SELECTOR = YES;
				GCC_WARN_UNINITIALIZED_AUTOS = YES_AGGRESSIVE;
				GCC_WARN_UNUSED_FUNCTION = YES;
				GCC_WARN_UNUSED_VARIABLE = YES;
				IPHONEOS_DEPLOYMENT_TARGET = 13.4;
				MTL_ENABLE_DEBUG_INFO = NO;
				MTL_FAST_MATH = YES;
				SDKROOT = iphoneos;
				SWIFT_COMPILATION_MODE = wholemodule;
				SWIFT_OPTIMIZATION_LEVEL = "-O";
				VALIDATE_PRODUCT = YES;
			};
			name = Release;
		};
		E64C4A532465408C00454C97 /* Debug */ = {
			isa = XCBuildConfiguration;
			baseConfigurationReference = D423AD499BF80F12066387FF /* Pods-todoApp.debug.xcconfig */;
			buildSettings = {
				ASSETCATALOG_COMPILER_APPICON_NAME = AppIcon;
				CODE_SIGN_STYLE = Automatic;
				DEVELOPMENT_TEAM = 662NXA3TX5;
				INFOPLIST_FILE = todoApp/Info.plist;
				LD_RUNPATH_SEARCH_PATHS = (
					"$(inherited)",
					"@executable_path/Frameworks",
				);
				PRODUCT_BUNDLE_IDENTIFIER = is.todoApp;
				PRODUCT_NAME = "$(TARGET_NAME)";
				SWIFT_VERSION = 5.0;
				TARGETED_DEVICE_FAMILY = "1,2";
			};
			name = Debug;
		};
		E64C4A542465408C00454C97 /* Release */ = {
			isa = XCBuildConfiguration;
			baseConfigurationReference = 0BAF4226B727079701D9EF5F /* Pods-todoApp.release.xcconfig */;
			buildSettings = {
				ASSETCATALOG_COMPILER_APPICON_NAME = AppIcon;
				CODE_SIGN_STYLE = Automatic;
				DEVELOPMENT_TEAM = 662NXA3TX5;
				INFOPLIST_FILE = todoApp/Info.plist;
				LD_RUNPATH_SEARCH_PATHS = (
					"$(inherited)",
					"@executable_path/Frameworks",
				);
				PRODUCT_BUNDLE_IDENTIFIER = is.todoApp;
				PRODUCT_NAME = "$(TARGET_NAME)";
				SWIFT_VERSION = 5.0;
				TARGETED_DEVICE_FAMILY = "1,2";
			};
			name = Release;
		};
/* End XCBuildConfiguration section */

/* Begin XCConfigurationList section */
		E64C4A392465408B00454C97 /* Build configuration list for PBXProject "todoApp" */ = {
			isa = XCConfigurationList;
			buildConfigurations = (
				E64C4A502465408C00454C97 /* Debug */,
				E64C4A512465408C00454C97 /* Release */,
			);
			defaultConfigurationIsVisible = 0;
			defaultConfigurationName = Release;
		};
		E64C4A522465408C00454C97 /* Build configuration list for PBXNativeTarget "todoApp" */ = {
			isa = XCConfigurationList;
			buildConfigurations = (
				E64C4A532465408C00454C97 /* Debug */,
				E64C4A542465408C00454C97 /* Release */,
			);
			defaultConfigurationIsVisible = 0;
			defaultConfigurationName = Release;
		};
/* End XCConfigurationList section */
	};
	rootObject = E64C4A362465408B00454C97 /* Project object */;
}
